
Microsoft Visual Studio Solution File, Format Version 12.00
# Visual Studio Version 16
VisualStudioVersion = 16.0.29519.181
MinimumVisualStudioVersion = 10.0.40219.1
Project("{FAE04EC0-301F-11D3-BF4B-00C04F79EFBC}") = "MainSolution", "MainSolution.csproj", "{E62D0837-9A41-4C10-8E60-E3D874192F74}"
EndProject
Global
	GlobalSection(SolutionConfigurationPlatforms) = preSolution
		Debug|Any CPU = Debug|Any CPU
		Release|Any CPU = Release|Any CPU
	EndGlobalSection
	GlobalSection(ProjectConfigurationPlatforms) = postSolution
		{E62D0837-9A41-4C10-8E60-E3D874192F74}.Debug|Any CPU.ActiveCfg = Debug|Any CPU
		{E62D0837-9A41-4C10-8E60-E3D874192F74}.Debug|Any CPU.Build.0 = Debug|Any CPU
		{E62D0837-9A41-4C10-8E60-E3D874192F74}.Release|Any CPU.ActiveCfg = Release|Any CPU
		{E62D0837-9A41-4C10-8E60-E3D874192F74}.Release|Any CPU.Build.0 = Release|Any CPU
	EndGlobalSection
	GlobalSection(SolutionProperties) = preSolution
		HideSolutionNode = FALSE
	EndGlobalSection
	GlobalSection(ExtensibilityGlobals) = postSolution
		SolutionGuid = {E727DB5E-4D4C-4631-8FA0-95E126538158}
	EndGlobalSection
EndGlobal
